
Microsoft Visual Studio Solution File, Format Version 12.00
# Visual Studio Version 16
VisualStudioVersion = 16.0.31205.134
MinimumVisualStudioVersion = 10.0.40219.1
Project("{FAE04EC0-301F-11D3-BF4B-00C04F79EFBC}") = "PriberamRestApp", "PriberamRestApp\PriberamRestApp.csproj", "{EFC63137-049D-4C71-928C-5D80B0FE99C6}"
EndProject
Global
	GlobalSection(SolutionConfigurationPlatforms) = preSolution
		Debug|Any CPU = Debug|Any CPU
		Release|Any CPU = Release|Any CPU
	EndGlobalSection
	GlobalSection(ProjectConfigurationPlatforms) = postSolution
		{EFC63137-049D-4C71-928C-5D80B0FE99C6}.Debug|Any CPU.ActiveCfg = Debug|Any CPU
		{EFC63137-049D-4C71-928C-5D80B0FE99C6}.Debug|Any CPU.Build.0 = Debug|Any CPU
		{EFC63137-049D-4C71-928C-5D80B0FE99C6}.Release|Any CPU.ActiveCfg = Release|Any CPU
		{EFC63137-049D-4C71-928C-5D80B0FE99C6}.Release|Any CPU.Build.0 = Release|Any CPU
	EndGlobalSection
	GlobalSection(SolutionProperties) = preSolution
		HideSolutionNode = FALSE
	EndGlobalSection
	GlobalSection(ExtensibilityGlobals) = postSolution
		SolutionGuid = {50FFE12F-9495-481C-B144-C4E9E38C8339}
	EndGlobalSection
EndGlobal
